{
  "nodes": {
    "armbian-firmware": {
      "flake": false,
      "locked": {
        "lastModified": 1718251239,
        "narHash": "sha256-gubpoE5DfDIFSyOdj7Hp775hA3wFzDzZkvdTO8NGnZ4=",
        "owner": "armbian",
        "repo": "firmware",
        "rev": "3063419a17b30889febbd3831a6a55e8af9e2386",
        "type": "github"
      },
      "original": {
        "owner": "armbian",
        "repo": "firmware",
        "type": "github"
      }
    },
    "flake-compat": {
      "flake": false,
      "locked": {
        "lastModified": 1696426674,
        "narHash": "sha256-kvjfFW7WAETZlt09AgDn1MrtKzP7t90Vf7vypd3OL1U=",
        "owner": "edolstra",
        "repo": "flake-compat",
        "rev": "0f9255e01c2351cc7d116c072cb317785dd33b33",
        "type": "github"
      },
      "original": {
        "owner": "edolstra",
        "repo": "flake-compat",
        "type": "github"
      }
    },
    "flake-utils": {
      "inputs": {
        "systems": "systems"
      },
      "locked": {
        "lastModified": 1710146030,
        "narHash": "sha256-SZ5L6eA7HJ/nmkzGG7/ISclqe6oZdOZTNoesiInkXPQ=",
        "owner": "numtide",
        "repo": "flake-utils",
        "rev": "b1d9ab70662946ef0850d488da1c9019f3a9752a",
        "type": "github"
      },
      "original": {
        "owner": "numtide",
        "repo": "flake-utils",
        "type": "github"
      }
    },
    "home-manager": {
      "inputs": {
        "nixpkgs": [
          "nixpkgs"
        ]
      },
      "locked": {
        "lastModified": 1718788307,
        "narHash": "sha256-SqiOz0sljM0GjyQEVinPXQxaGcbOXw5OgpCWGPgh/vo=",
        "owner": "nix-community",
        "repo": "home-manager",
        "rev": "d7830d05421d0ced83a0f007900898bdcaf2a2ca",
        "type": "github"
      },
      "original": {
        "owner": "nix-community",
        "ref": "master",
        "repo": "home-manager",
        "type": "github"
      }
    },
    "impermanence": {
      "locked": {
        "lastModified": 1717932370,
        "narHash": "sha256-7C5lCpiWiyPoIACOcu2mukn/1JRtz6HC/1aEMhUdcw0=",
        "owner": "nix-community",
        "repo": "impermanence",
        "rev": "27979f1c3a0d3b9617a3563e2839114ba7d48d3f",
        "type": "github"
      },
      "original": {
        "owner": "nix-community",
        "repo": "impermanence",
        "type": "github"
      }
    },
    "nix-index-database": {
      "inputs": {
        "nixpkgs": [
          "nixpkgs"
        ]
      },
      "locked": {
        "lastModified": 1718507237,
        "narHash": "sha256-xBEWCxWeRpWQggFFp8ugJCDa63cOJsVvx71R9F0Eowg=",
        "owner": "nix-community",
        "repo": "nix-index-database",
        "rev": "6af2c5e58c20311276f59d247341cafeebfcb6f4",
        "type": "github"
      },
      "original": {
        "owner": "nix-community",
        "repo": "nix-index-database",
        "type": "github"
      }
    },
    "nix-vscode-extensions": {
      "inputs": {
        "flake-compat": "flake-compat",
        "flake-utils": "flake-utils",
        "nixpkgs": "nixpkgs"
      },
      "locked": {
        "lastModified": 1718933103,
        "narHash": "sha256-Wyzb1JPSRh/p8ZUHKsvzbQg9tRscpyrTU+rk5bOM/Yk=",
        "owner": "nix-community",
        "repo": "nix-vscode-extensions",
        "rev": "636c7ec695ca66ad3ca37a200e7edb236046ed46",
        "type": "github"
      },
      "original": {
        "owner": "nix-community",
        "repo": "nix-vscode-extensions",
        "type": "github"
      }
    },
    "nixpkgs": {
      "locked": {
        "lastModified": 1713805509,
        "narHash": "sha256-YgSEan4CcrjivCNO5ZNzhg7/8ViLkZ4CB/GrGBVSudo=",
        "owner": "NixOS",
        "repo": "nixpkgs",
        "rev": "1e1dc66fe68972a76679644a5577828b6a7e8be4",
        "type": "github"
      },
      "original": {
        "owner": "NixOS",
        "ref": "nixpkgs-unstable",
        "repo": "nixpkgs",
        "type": "github"
      }
    },
    "nixpkgs_2": {
      "locked": {
        "lastModified": 1718895438,
        "narHash": "sha256-k3JqJrkdoYwE3fHE6xGDY676AYmyh4U2Zw+0Bwe5DLU=",
        "owner": "nixos",
        "repo": "nixpkgs",
        "rev": "d603719ec6e294f034936c0d0dc06f689d91b6c3",
        "type": "github"
      },
      "original": {
        "owner": "nixos",
        "ref": "nixos-unstable",
        "repo": "nixpkgs",
        "type": "github"
      }
    },
    "nur": {
      "locked": {
        "lastModified": 1718988172,
        "narHash": "sha256-8jSPDl0M9hRg79ZP+robOmempU1pQnnfkqPK/4WrCCY=",
        "owner": "nix-community",
        "repo": "NUR",
        "rev": "77cf047699e15d656cf2b852c19ae0872a9a0ef7",
        "type": "github"
      },
      "original": {
        "owner": "nix-community",
        "repo": "NUR",
        "type": "github"
      }
    },
    "rkbin": {
      "flake": false,
      "locked": {
        "lastModified": 1715069119,
        "narHash": "sha256-r9yCGow4+dkjelDyNA800C/WDo72Q9tCYnVitMXAcDo=",
        "owner": "armbian",
        "repo": "rkbin",
        "rev": "90b9ce9aac00a0f7702f92fafd41603bc3730c52",
        "type": "github"
      },
      "original": {
        "owner": "armbian",
        "repo": "rkbin",
        "type": "github"
      }
    },
    "root": {
      "inputs": {
        "armbian-firmware": "armbian-firmware",
        "home-manager": "home-manager",
        "impermanence": "impermanence",
        "nix-index-database": "nix-index-database",
        "nix-vscode-extensions": "nix-vscode-extensions",
        "nixpkgs": "nixpkgs_2",
        "nur": "nur",
        "rkbin": "rkbin",
        "uboot": "uboot"
      }
    },
    "systems": {
      "locked": {
        "lastModified": 1681028828,
        "narHash": "sha256-Vy1rq5AaRuLzOxct8nz4T6wlgyUR7zLU309k9mBC768=",
        "owner": "nix-systems",
        "repo": "default",
        "rev": "da67096a3b9bf56a91d16901293e51ba5b49a27e",
        "type": "github"
      },
      "original": {
        "owner": "nix-systems",
        "repo": "default",
        "type": "github"
      }
    },
    "uboot": {
      "flake": false,
      "locked": {
        "lastModified": 1715025257,
        "narHash": "sha256-1JUYBv/zJ22M3XuTrWXv23RvHHWTjxomD8ukZVVDPNE=",
        "owner": "u-boot",
        "repo": "u-boot",
        "rev": "52835266d3e933656a217233eaf672dd9ccd7352",
        "type": "github"
      },
      "original": {
        "owner": "u-boot",
        "ref": "v2024.07-rc2",
        "repo": "u-boot",
        "type": "github"
      }
    }
  },
  "root": "root",
  "version": 7
}
